// !$*UTF8*$!
{
	archiveVersion = 1;
	classes = {
	};
	objectVersion = 56;
	objects = {

/* Begin PBXBuildFile section */
		B01FAC9F2BC5710200ECBA0B /* WebViewTests.swift in Sources */ = {isa = PBXBuildFile; fileRef = B01FAC9E2BC5710200ECBA0B /* WebViewTests.swift */; };
		B0506D032BBA74FC001DC4D0 /* GradientAnimation.swift in Sources */ = {isa = PBXBuildFile; fileRef = B0506D022BBA74FC001DC4D0 /* GradientAnimation.swift */; };
		B05932FE2B643618006F838B /* ImagesListCell.xib in Resources */ = {isa = PBXBuildFile; fileRef = B05932FD2B643618006F838B /* ImagesListCell.xib */; };
		B05933012B6584AB006F838B /* ProfileViewController.swift in Sources */ = {isa = PBXBuildFile; fileRef = B05933002B6584AB006F838B /* ProfileViewController.swift */; };
		B05933032B6967CF006F838B /* SingleImageViewController.swift in Sources */ = {isa = PBXBuildFile; fileRef = B05933022B6967CF006F838B /* SingleImageViewController.swift */; };
		B071B65B2B9B5C8E001D05F7 /* UIBlockingProgressHUD.swift in Sources */ = {isa = PBXBuildFile; fileRef = B071B65A2B9B5C8E001D05F7 /* UIBlockingProgressHUD.swift */; };
		B071B65D2B9E27B5001D05F7 /* ProfileService.swift in Sources */ = {isa = PBXBuildFile; fileRef = B071B65C2B9E27B5001D05F7 /* ProfileService.swift */; };
		B07C09EE2BC0928A0098B259 /* WebViewPresenter.swift in Sources */ = {isa = PBXBuildFile; fileRef = B07C09ED2BC0928A0098B259 /* WebViewPresenter.swift */; };
		B07C09F02BC0A1850098B259 /* AuthHelper.swift in Sources */ = {isa = PBXBuildFile; fileRef = B07C09EF2BC0A1850098B259 /* AuthHelper.swift */; };
		B08F84DF2B7FC40100D19CFB /* AuthConfiguration.swift in Sources */ = {isa = PBXBuildFile; fileRef = B08F84DE2B7FC40100D19CFB /* AuthConfiguration.swift */; };
		B08F84E22B7FD3D000D19CFB /* AuthViewController.swift in Sources */ = {isa = PBXBuildFile; fileRef = B08F84E12B7FD3D000D19CFB /* AuthViewController.swift */; };
		B08F84E42B7FE0F200D19CFB /* WebViewViewController.swift in Sources */ = {isa = PBXBuildFile; fileRef = B08F84E32B7FE0F200D19CFB /* WebViewViewController.swift */; };
		B08FEA1A2BC93E4C00800C86 /* ProfilePresenter.swift in Sources */ = {isa = PBXBuildFile; fileRef = B08FEA192BC93E4C00800C86 /* ProfilePresenter.swift */; };
		B08FEA1C2BC94E7D00800C86 /* ProfileTests.swift in Sources */ = {isa = PBXBuildFile; fileRef = B08FEA1B2BC94E7D00800C86 /* ProfileTests.swift */; };
		B0912B292BACF1C800CB1121 /* SwiftKeychainWrapper in Frameworks */ = {isa = PBXBuildFile; productRef = B0912B282BACF1C800CB1121 /* SwiftKeychainWrapper */; };
		B0912B2C2BAE3FB400CB1121 /* TabBarController.swift in Sources */ = {isa = PBXBuildFile; fileRef = B0912B2B2BAE3FB400CB1121 /* TabBarController.swift */; };
		B0912B2E2BAF4C1500CB1121 /* ImagesListService.swift in Sources */ = {isa = PBXBuildFile; fileRef = B0912B2D2BAF4C1500CB1121 /* ImagesListService.swift */; };
		B09BF6D22BA07D67007F30B7 /* ProfileImageService.swift in Sources */ = {isa = PBXBuildFile; fileRef = B09BF6D12BA07D67007F30B7 /* ProfileImageService.swift */; };
		B09BF6D72BA873A4007F30B7 /* Kingfisher in Frameworks */ = {isa = PBXBuildFile; productRef = B09BF6D62BA873A4007F30B7 /* Kingfisher */; };
		B0A0CE552B4886FA00CD84B3 /* ImagesListCell.swift in Sources */ = {isa = PBXBuildFile; fileRef = B0A0CE542B4886FA00CD84B3 /* ImagesListCell.swift */; };
		B0A124912B8A1B8100B060BB /* OAuth2Service.swift in Sources */ = {isa = PBXBuildFile; fileRef = B0A124902B8A1B8100B060BB /* OAuth2Service.swift */; };
		B0A124942B8A9FE400B060BB /* URLSession+data.swift in Sources */ = {isa = PBXBuildFile; fileRef = B0A124932B8A9FE400B060BB /* URLSession+data.swift */; };
		B0A124972B8AA5C500B060BB /* OAuthTokenResponseBody.swift in Sources */ = {isa = PBXBuildFile; fileRef = B0A124962B8AA5C500B060BB /* OAuthTokenResponseBody.swift */; };
		B0A1249B2B90871300B060BB /* SplashViewController.swift in Sources */ = {isa = PBXBuildFile; fileRef = B0A1249A2B90871300B060BB /* SplashViewController.swift */; };
		B0A297382BB44DBE0052C61D /* ProfileLogoutService.swift in Sources */ = {isa = PBXBuildFile; fileRef = B0A297372BB44DBE0052C61D /* ProfileLogoutService.swift */; };
		B0AC8C822BB97BB90040FA88 /* OAuth2TokenStorage.swift in Sources */ = {isa = PBXBuildFile; fileRef = B0AC8C812BB97BB90040FA88 /* OAuth2TokenStorage.swift */; };
		B0DCA0ED2B33DD13008906A7 /* AppDelegate.swift in Sources */ = {isa = PBXBuildFile; fileRef = B0DCA0EC2B33DD13008906A7 /* AppDelegate.swift */; };
		B0DCA0EF2B33DD13008906A7 /* SceneDelegate.swift in Sources */ = {isa = PBXBuildFile; fileRef = B0DCA0EE2B33DD13008906A7 /* SceneDelegate.swift */; };
		B0DCA0F12B33DD13008906A7 /* ImagesListViewController.swift in Sources */ = {isa = PBXBuildFile; fileRef = B0DCA0F02B33DD13008906A7 /* ImagesListViewController.swift */; };
		B0DCA0F62B33DD16008906A7 /* Assets.xcassets in Resources */ = {isa = PBXBuildFile; fileRef = B0DCA0F52B33DD16008906A7 /* Assets.xcassets */; };
		B0DCA0F92B33DD16008906A7 /* LaunchScreen.storyboard in Resources */ = {isa = PBXBuildFile; fileRef = B0DCA0F72B33DD16008906A7 /* LaunchScreen.storyboard */; };
		B0ED98E62B97C60900093407 /* ProgressHUD in Frameworks */ = {isa = PBXBuildFile; productRef = B0ED98E52B97C60900093407 /* ProgressHUD */; };
/* End PBXBuildFile section */

/* Begin PBXContainerItemProxy section */
		B01FACA02BC5710200ECBA0B /* PBXContainerItemProxy */ = {
			isa = PBXContainerItemProxy;
			containerPortal = B0DCA0E12B33DD13008906A7 /* Project object */;
			proxyType = 1;
			remoteGlobalIDString = B0DCA0E82B33DD13008906A7;
			remoteInfo = ImageFeed;
		};
/* End PBXContainerItemProxy section */

/* Begin PBXFileReference section */
		B01FAC9C2BC5710200ECBA0B /* ImageFeedTests.xctest */ = {isa = PBXFileReference; explicitFileType = wrapper.cfbundle; includeInIndex = 0; path = ImageFeedTests.xctest; sourceTree = BUILT_PRODUCTS_DIR; };
		B01FAC9E2BC5710200ECBA0B /* WebViewTests.swift */ = {isa = PBXFileReference; lastKnownFileType = sourcecode.swift; path = WebViewTests.swift; sourceTree = "<group>"; };
		B0506D022BBA74FC001DC4D0 /* GradientAnimation.swift */ = {isa = PBXFileReference; lastKnownFileType = sourcecode.swift; path = GradientAnimation.swift; sourceTree = "<group>"; };
		B05932FD2B643618006F838B /* ImagesListCell.xib */ = {isa = PBXFileReference; lastKnownFileType = file.xib; path = ImagesListCell.xib; sourceTree = "<group>"; };
		B05933002B6584AB006F838B /* ProfileViewController.swift */ = {isa = PBXFileReference; lastKnownFileType = sourcecode.swift; path = ProfileViewController.swift; sourceTree = "<group>"; };
		B05933022B6967CF006F838B /* SingleImageViewController.swift */ = {isa = PBXFileReference; lastKnownFileType = sourcecode.swift; path = SingleImageViewController.swift; sourceTree = "<group>"; };
		B071B65A2B9B5C8E001D05F7 /* UIBlockingProgressHUD.swift */ = {isa = PBXFileReference; lastKnownFileType = sourcecode.swift; path = UIBlockingProgressHUD.swift; sourceTree = "<group>"; };
		B071B65C2B9E27B5001D05F7 /* ProfileService.swift */ = {isa = PBXFileReference; lastKnownFileType = sourcecode.swift; path = ProfileService.swift; sourceTree = "<group>"; };
		B07C09ED2BC0928A0098B259 /* WebViewPresenter.swift */ = {isa = PBXFileReference; lastKnownFileType = sourcecode.swift; path = WebViewPresenter.swift; sourceTree = "<group>"; };
		B07C09EF2BC0A1850098B259 /* AuthHelper.swift */ = {isa = PBXFileReference; lastKnownFileType = sourcecode.swift; path = AuthHelper.swift; sourceTree = "<group>"; };
		B08F84DE2B7FC40100D19CFB /* AuthConfiguration.swift */ = {isa = PBXFileReference; lastKnownFileType = sourcecode.swift; path = AuthConfiguration.swift; sourceTree = "<group>"; };
		B08F84E12B7FD3D000D19CFB /* AuthViewController.swift */ = {isa = PBXFileReference; lastKnownFileType = sourcecode.swift; path = AuthViewController.swift; sourceTree = "<group>"; };
		B08F84E32B7FE0F200D19CFB /* WebViewViewController.swift */ = {isa = PBXFileReference; lastKnownFileType = sourcecode.swift; path = WebViewViewController.swift; sourceTree = "<group>"; };
		B08FEA192BC93E4C00800C86 /* ProfilePresenter.swift */ = {isa = PBXFileReference; lastKnownFileType = sourcecode.swift; path = ProfilePresenter.swift; sourceTree = "<group>"; };
		B08FEA1B2BC94E7D00800C86 /* ProfileTests.swift */ = {isa = PBXFileReference; lastKnownFileType = sourcecode.swift; path = ProfileTests.swift; sourceTree = "<group>"; };
		B0912B2B2BAE3FB400CB1121 /* TabBarController.swift */ = {isa = PBXFileReference; lastKnownFileType = sourcecode.swift; path = TabBarController.swift; sourceTree = "<group>"; };
		B0912B2D2BAF4C1500CB1121 /* ImagesListService.swift */ = {isa = PBXFileReference; lastKnownFileType = sourcecode.swift; path = ImagesListService.swift; sourceTree = "<group>"; };
		B09BF6D12BA07D67007F30B7 /* ProfileImageService.swift */ = {isa = PBXFileReference; lastKnownFileType = sourcecode.swift; path = ProfileImageService.swift; sourceTree = "<group>"; };
		B0A0CE542B4886FA00CD84B3 /* ImagesListCell.swift */ = {isa = PBXFileReference; lastKnownFileType = sourcecode.swift; path = ImagesListCell.swift; sourceTree = "<group>"; };
		B0A124902B8A1B8100B060BB /* OAuth2Service.swift */ = {isa = PBXFileReference; lastKnownFileType = sourcecode.swift; path = OAuth2Service.swift; sourceTree = "<group>"; };
		B0A124932B8A9FE400B060BB /* URLSession+data.swift */ = {isa = PBXFileReference; lastKnownFileType = sourcecode.swift; path = "URLSession+data.swift"; sourceTree = "<group>"; };
		B0A124962B8AA5C500B060BB /* OAuthTokenResponseBody.swift */ = {isa = PBXFileReference; lastKnownFileType = sourcecode.swift; path = OAuthTokenResponseBody.swift; sourceTree = "<group>"; };
		B0A1249A2B90871300B060BB /* SplashViewController.swift */ = {isa = PBXFileReference; lastKnownFileType = sourcecode.swift; path = SplashViewController.swift; sourceTree = "<group>"; };
		B0A297372BB44DBE0052C61D /* ProfileLogoutService.swift */ = {isa = PBXFileReference; lastKnownFileType = sourcecode.swift; path = ProfileLogoutService.swift; sourceTree = "<group>"; };
		B0AC8C812BB97BB90040FA88 /* OAuth2TokenStorage.swift */ = {isa = PBXFileReference; lastKnownFileType = sourcecode.swift; path = OAuth2TokenStorage.swift; sourceTree = "<group>"; };
		B0DCA0E92B33DD13008906A7 /* ImageFeed.app */ = {isa = PBXFileReference; explicitFileType = wrapper.application; includeInIndex = 0; path = ImageFeed.app; sourceTree = BUILT_PRODUCTS_DIR; };
		B0DCA0EC2B33DD13008906A7 /* AppDelegate.swift */ = {isa = PBXFileReference; lastKnownFileType = sourcecode.swift; path = AppDelegate.swift; sourceTree = "<group>"; };
		B0DCA0EE2B33DD13008906A7 /* SceneDelegate.swift */ = {isa = PBXFileReference; lastKnownFileType = sourcecode.swift; path = SceneDelegate.swift; sourceTree = "<group>"; };
		B0DCA0F02B33DD13008906A7 /* ImagesListViewController.swift */ = {isa = PBXFileReference; lastKnownFileType = sourcecode.swift; path = ImagesListViewController.swift; sourceTree = "<group>"; };
		B0DCA0F52B33DD16008906A7 /* Assets.xcassets */ = {isa = PBXFileReference; lastKnownFileType = folder.assetcatalog; path = Assets.xcassets; sourceTree = "<group>"; };
		B0DCA0F82B33DD16008906A7 /* Base */ = {isa = PBXFileReference; lastKnownFileType = file.storyboard; name = Base; path = Base.lproj/LaunchScreen.storyboard; sourceTree = "<group>"; };
		B0DCA0FA2B33DD16008906A7 /* Info.plist */ = {isa = PBXFileReference; lastKnownFileType = text.plist.xml; path = Info.plist; sourceTree = "<group>"; };
/* End PBXFileReference section */

/* Begin PBXFrameworksBuildPhase section */
		B01FAC992BC5710200ECBA0B /* Frameworks */ = {
			isa = PBXFrameworksBuildPhase;
			buildActionMask = 2147483647;
			files = (
			);
			runOnlyForDeploymentPostprocessing = 0;
		};
		B0DCA0E62B33DD13008906A7 /* Frameworks */ = {
			isa = PBXFrameworksBuildPhase;
			buildActionMask = 2147483647;
			files = (
				B09BF6D72BA873A4007F30B7 /* Kingfisher in Frameworks */,
				B0ED98E62B97C60900093407 /* ProgressHUD in Frameworks */,
				B0912B292BACF1C800CB1121 /* SwiftKeychainWrapper in Frameworks */,
			);
			runOnlyForDeploymentPostprocessing = 0;
		};
/* End PBXFrameworksBuildPhase section */

/* Begin PBXGroup section */
		B01FAC9D2BC5710200ECBA0B /* ImageFeedTests */ = {
			isa = PBXGroup;
			children = (
				B01FAC9E2BC5710200ECBA0B /* WebViewTests.swift */,
				B08FEA1B2BC94E7D00800C86 /* ProfileTests.swift */,
			);
			path = ImageFeedTests;
			sourceTree = "<group>";
		};
		B0506D002BBA74BA001DC4D0 /* Animation */ = {
			isa = PBXGroup;
			children = (
				B0506D022BBA74FC001DC4D0 /* GradientAnimation.swift */,
			);
			path = Animation;
			sourceTree = "<group>";
		};
		B071B6592B9B5C4F001D05F7 /* ProgressHud */ = {
			isa = PBXGroup;
			children = (
				B071B65A2B9B5C8E001D05F7 /* UIBlockingProgressHUD.swift */,
			);
			path = ProgressHud;
			sourceTree = "<group>";
		};
		B08F84E02B7FD3AC00D19CFB /* Auth */ = {
			isa = PBXGroup;
			children = (
				B08F84E12B7FD3D000D19CFB /* AuthViewController.swift */,
				B0A124902B8A1B8100B060BB /* OAuth2Service.swift */,
				B0A124962B8AA5C500B060BB /* OAuthTokenResponseBody.swift */,
				B0AC8C812BB97BB90040FA88 /* OAuth2TokenStorage.swift */,
				B08F84E32B7FE0F200D19CFB /* WebViewViewController.swift */,
				B07C09ED2BC0928A0098B259 /* WebViewPresenter.swift */,
				B07C09EF2BC0A1850098B259 /* AuthHelper.swift */,
			);
			path = Auth;
			sourceTree = "<group>";
		};
		B09544E42B74D23B00D8BBA5 /* Profile */ = {
			isa = PBXGroup;
			children = (
				B05933002B6584AB006F838B /* ProfileViewController.swift */,
				B08FEA192BC93E4C00800C86 /* ProfilePresenter.swift */,
				B071B65C2B9E27B5001D05F7 /* ProfileService.swift */,
				B09BF6D12BA07D67007F30B7 /* ProfileImageService.swift */,
				B0A297372BB44DBE0052C61D /* ProfileLogoutService.swift */,
			);
			path = Profile;
			sourceTree = "<group>";
		};
		B09544E52B74D24B00D8BBA5 /* SingleImage */ = {
			isa = PBXGroup;
			children = (
				B05933022B6967CF006F838B /* SingleImageViewController.swift */,
			);
			path = SingleImage;
			sourceTree = "<group>";
		};
		B0A0CE562B488B8100CD84B3 /* ImagesList */ = {
			isa = PBXGroup;
			children = (
				B0DCA0F02B33DD13008906A7 /* ImagesListViewController.swift */,
				B0A0CE542B4886FA00CD84B3 /* ImagesListCell.swift */,
				B05932FD2B643618006F838B /* ImagesListCell.xib */,
				B0912B2D2BAF4C1500CB1121 /* ImagesListService.swift */,
			);
			path = ImagesList;
			sourceTree = "<group>";
		};
		B0DCA0E02B33DD13008906A7 = {
			isa = PBXGroup;
			children = (
				B0DCA0EB2B33DD13008906A7 /* ImageFeed */,
				B01FAC9D2BC5710200ECBA0B /* ImageFeedTests */,
				B0DCA0EA2B33DD13008906A7 /* Products */,
			);
			sourceTree = "<group>";
		};
		B0DCA0EA2B33DD13008906A7 /* Products */ = {
			isa = PBXGroup;
			children = (
				B0DCA0E92B33DD13008906A7 /* ImageFeed.app */,
				B01FAC9C2BC5710200ECBA0B /* ImageFeedTests.xctest */,
			);
			name = Products;
			sourceTree = "<group>";
		};
		B0DCA0EB2B33DD13008906A7 /* ImageFeed */ = {
			isa = PBXGroup;
			children = (
				B0DCA0EC2B33DD13008906A7 /* AppDelegate.swift */,
				B0DCA0EE2B33DD13008906A7 /* SceneDelegate.swift */,
				B0A1249A2B90871300B060BB /* SplashViewController.swift */,
				B0912B2B2BAE3FB400CB1121 /* TabBarController.swift */,
				B08F84E02B7FD3AC00D19CFB /* Auth */,
				B071B6592B9B5C4F001D05F7 /* ProgressHud */,
				B0A0CE562B488B8100CD84B3 /* ImagesList */,
				B09544E42B74D23B00D8BBA5 /* Profile */,
				B09544E52B74D24B00D8BBA5 /* SingleImage */,
				B0506D002BBA74BA001DC4D0 /* Animation */,
				B08F84DE2B7FC40100D19CFB /* AuthConfiguration.swift */,
				B0A124932B8A9FE400B060BB /* URLSession+data.swift */,
				B0DCA0F52B33DD16008906A7 /* Assets.xcassets */,
				B0DCA0F72B33DD16008906A7 /* LaunchScreen.storyboard */,
				B0DCA0FA2B33DD16008906A7 /* Info.plist */,
			);
			path = ImageFeed;
			sourceTree = "<group>";
		};
/* End PBXGroup section */

/* Begin PBXNativeTarget section */
		B01FAC9B2BC5710200ECBA0B /* ImageFeedTests */ = {
			isa = PBXNativeTarget;
			buildConfigurationList = B01FACA42BC5710200ECBA0B /* Build configuration list for PBXNativeTarget "ImageFeedTests" */;
			buildPhases = (
				B01FAC982BC5710200ECBA0B /* Sources */,
				B01FAC992BC5710200ECBA0B /* Frameworks */,
				B01FAC9A2BC5710200ECBA0B /* Resources */,
			);
			buildRules = (
			);
			dependencies = (
				B01FACA12BC5710200ECBA0B /* PBXTargetDependency */,
			);
			name = ImageFeedTests;
			productName = ImageFeedTests;
			productReference = B01FAC9C2BC5710200ECBA0B /* ImageFeedTests.xctest */;
			productType = "com.apple.product-type.bundle.unit-test";
		};
		B0DCA0E82B33DD13008906A7 /* ImageFeed */ = {
			isa = PBXNativeTarget;
			buildConfigurationList = B0DCA0FD2B33DD16008906A7 /* Build configuration list for PBXNativeTarget "ImageFeed" */;
			buildPhases = (
				B0DCA0E52B33DD13008906A7 /* Sources */,
				B0DCA0E62B33DD13008906A7 /* Frameworks */,
				B0DCA0E72B33DD13008906A7 /* Resources */,
			);
			buildRules = (
			);
			dependencies = (
			);
			name = ImageFeed;
			packageProductDependencies = (
				B0ED98E52B97C60900093407 /* ProgressHUD */,
				B09BF6D62BA873A4007F30B7 /* Kingfisher */,
				B0912B282BACF1C800CB1121 /* SwiftKeychainWrapper */,
			);
			productName = ImageFeed;
			productReference = B0DCA0E92B33DD13008906A7 /* ImageFeed.app */;
			productType = "com.apple.product-type.application";
		};
/* End PBXNativeTarget section */

/* Begin PBXProject section */
		B0DCA0E12B33DD13008906A7 /* Project object */ = {
			isa = PBXProject;
			attributes = {
				BuildIndependentTargetsInParallel = 1;
				LastSwiftUpdateCheck = 1510;
				LastUpgradeCheck = 1500;
				TargetAttributes = {
					B01FAC9B2BC5710200ECBA0B = {
						CreatedOnToolsVersion = 15.1;
						TestTargetID = B0DCA0E82B33DD13008906A7;
					};
					B0DCA0E82B33DD13008906A7 = {
						CreatedOnToolsVersion = 15.0;
					};
				};
			};
			buildConfigurationList = B0DCA0E42B33DD13008906A7 /* Build configuration list for PBXProject "ImageFeed" */;
			compatibilityVersion = "Xcode 14.0";
			developmentRegion = en;
			hasScannedForEncodings = 0;
			knownRegions = (
				en,
				Base,
			);
			mainGroup = B0DCA0E02B33DD13008906A7;
			packageReferences = (
				B0ED98E42B97C60900093407 /* XCRemoteSwiftPackageReference "ProgressHUD" */,
				B09BF6D52BA873A4007F30B7 /* XCRemoteSwiftPackageReference "Kingfisher" */,
				B0912B272BACF1C800CB1121 /* XCRemoteSwiftPackageReference "SwiftKeychainWrapper" */,
			);
			productRefGroup = B0DCA0EA2B33DD13008906A7 /* Products */;
			projectDirPath = "";
			projectRoot = "";
			targets = (
				B0DCA0E82B33DD13008906A7 /* ImageFeed */,
				B01FAC9B2BC5710200ECBA0B /* ImageFeedTests */,
			);
		};
/* End PBXProject section */

/* Begin PBXResourcesBuildPhase section */
		B01FAC9A2BC5710200ECBA0B /* Resources */ = {
			isa = PBXResourcesBuildPhase;
			buildActionMask = 2147483647;
			files = (
			);
			runOnlyForDeploymentPostprocessing = 0;
		};
		B0DCA0E72B33DD13008906A7 /* Resources */ = {
			isa = PBXResourcesBuildPhase;
			buildActionMask = 2147483647;
			files = (
				B0DCA0F92B33DD16008906A7 /* LaunchScreen.storyboard in Resources */,
				B05932FE2B643618006F838B /* ImagesListCell.xib in Resources */,
				B0DCA0F62B33DD16008906A7 /* Assets.xcassets in Resources */,
			);
			runOnlyForDeploymentPostprocessing = 0;
		};
/* End PBXResourcesBuildPhase section */

/* Begin PBXSourcesBuildPhase section */
		B01FAC982BC5710200ECBA0B /* Sources */ = {
			isa = PBXSourcesBuildPhase;
			buildActionMask = 2147483647;
			files = (
				B01FAC9F2BC5710200ECBA0B /* WebViewTests.swift in Sources */,
				B08FEA1C2BC94E7D00800C86 /* ProfileTests.swift in Sources */,
			);
			runOnlyForDeploymentPostprocessing = 0;
		};
		B0DCA0E52B33DD13008906A7 /* Sources */ = {
			isa = PBXSourcesBuildPhase;
			buildActionMask = 2147483647;
			files = (
				B0DCA0F12B33DD13008906A7 /* ImagesListViewController.swift in Sources */,
				B071B65D2B9E27B5001D05F7 /* ProfileService.swift in Sources */,
				B08FEA1A2BC93E4C00800C86 /* ProfilePresenter.swift in Sources */,
				B0A0CE552B4886FA00CD84B3 /* ImagesListCell.swift in Sources */,
				B0A124972B8AA5C500B060BB /* OAuthTokenResponseBody.swift in Sources */,
				B05933012B6584AB006F838B /* ProfileViewController.swift in Sources */,
				B0506D032BBA74FC001DC4D0 /* GradientAnimation.swift in Sources */,
				B0DCA0ED2B33DD13008906A7 /* AppDelegate.swift in Sources */,
				B0912B2C2BAE3FB400CB1121 /* TabBarController.swift in Sources */,
				B09BF6D22BA07D67007F30B7 /* ProfileImageService.swift in Sources */,
				B0A1249B2B90871300B060BB /* SplashViewController.swift in Sources */,
				B07C09EE2BC0928A0098B259 /* WebViewPresenter.swift in Sources */,
				B08F84E22B7FD3D000D19CFB /* AuthViewController.swift in Sources */,
				B08F84DF2B7FC40100D19CFB /* AuthConfiguration.swift in Sources */,
				B0A297382BB44DBE0052C61D /* ProfileLogoutService.swift in Sources */,
				B0AC8C822BB97BB90040FA88 /* OAuth2TokenStorage.swift in Sources */,
				B071B65B2B9B5C8E001D05F7 /* UIBlockingProgressHUD.swift in Sources */,
				B05933032B6967CF006F838B /* SingleImageViewController.swift in Sources */,
				B0912B2E2BAF4C1500CB1121 /* ImagesListService.swift in Sources */,
				B07C09F02BC0A1850098B259 /* AuthHelper.swift in Sources */,
				B0A124942B8A9FE400B060BB /* URLSession+data.swift in Sources */,
				B08F84E42B7FE0F200D19CFB /* WebViewViewController.swift in Sources */,
				B0A124912B8A1B8100B060BB /* OAuth2Service.swift in Sources */,
				B0DCA0EF2B33DD13008906A7 /* SceneDelegate.swift in Sources */,
			);
			runOnlyForDeploymentPostprocessing = 0;
		};
/* End PBXSourcesBuildPhase section */

/* Begin PBXTargetDependency section */
		B01FACA12BC5710200ECBA0B /* PBXTargetDependency */ = {
			isa = PBXTargetDependency;
			target = B0DCA0E82B33DD13008906A7 /* ImageFeed */;
			targetProxy = B01FACA02BC5710200ECBA0B /* PBXContainerItemProxy */;
		};
/* End PBXTargetDependency section */

/* Begin PBXVariantGroup section */
		B0DCA0F72B33DD16008906A7 /* LaunchScreen.storyboard */ = {
			isa = PBXVariantGroup;
			children = (
				B0DCA0F82B33DD16008906A7 /* Base */,
			);
			name = LaunchScreen.storyboard;
			sourceTree = "<group>";
		};
/* End PBXVariantGroup section */

/* Begin XCBuildConfiguration section */
		B01FACA22BC5710200ECBA0B /* Debug */ = {
			isa = XCBuildConfiguration;
			buildSettings = {
				BUNDLE_LOADER = "$(TEST_HOST)";
				CODE_SIGN_STYLE = Automatic;
				CURRENT_PROJECT_VERSION = 1;
				DEVELOPMENT_TEAM = ZA635WC7L2;
				GENERATE_INFOPLIST_FILE = YES;
				IPHONEOS_DEPLOYMENT_TARGET = 17.2;
				MARKETING_VERSION = 1.0;
				PRODUCT_BUNDLE_IDENTIFIER = com.gor9an.ImageFeedTests;
				PRODUCT_NAME = "$(TARGET_NAME)";
				SWIFT_EMIT_LOC_STRINGS = NO;
				SWIFT_VERSION = 5.0;
				TARGETED_DEVICE_FAMILY = "1,2";
				TEST_HOST = "$(BUILT_PRODUCTS_DIR)/ImageFeed.app/$(BUNDLE_EXECUTABLE_FOLDER_PATH)/ImageFeed";
			};
			name = Debug;
		};
		B01FACA32BC5710200ECBA0B /* Release */ = {
			isa = XCBuildConfiguration;
			buildSettings = {
				BUNDLE_LOADER = "$(TEST_HOST)";
				CODE_SIGN_STYLE = Automatic;
				CURRENT_PROJECT_VERSION = 1;
				DEVELOPMENT_TEAM = ZA635WC7L2;
				GENERATE_INFOPLIST_FILE = YES;
				IPHONEOS_DEPLOYMENT_TARGET = 17.2;
				MARKETING_VERSION = 1.0;
				PRODUCT_BUNDLE_IDENTIFIER = com.gor9an.ImageFeedTests;
				PRODUCT_NAME = "$(TARGET_NAME)";
				SWIFT_EMIT_LOC_STRINGS = NO;
				SWIFT_VERSION = 5.0;
				TARGETED_DEVICE_FAMILY = "1,2";
				TEST_HOST = "$(BUILT_PRODUCTS_DIR)/ImageFeed.app/$(BUNDLE_EXECUTABLE_FOLDER_PATH)/ImageFeed";
			};
			name = Release;
		};
		B0DCA0FB2B33DD16008906A7 /* Debug */ = {
			isa = XCBuildConfiguration;
			buildSettings = {
				ALWAYS_SEARCH_USER_PATHS = NO;
				ASSETCATALOG_COMPILER_GENERATE_SWIFT_ASSET_SYMBOL_EXTENSIONS = YES;
				CLANG_ANALYZER_NONNULL = YES;
				CLANG_ANALYZER_NUMBER_OBJECT_CONVERSION = YES_AGGRESSIVE;
				CLANG_CXX_LANGUAGE_STANDARD = "gnu++20";
				CLANG_ENABLE_MODULES = YES;
				CLANG_ENABLE_OBJC_ARC = YES;
				CLANG_ENABLE_OBJC_WEAK = YES;
				CLANG_WARN_BLOCK_CAPTURE_AUTORELEASING = YES;
				CLANG_WARN_BOOL_CONVERSION = YES;
				CLANG_WARN_COMMA = YES;
				CLANG_WARN_CONSTANT_CONVERSION = YES;
				CLANG_WARN_DEPRECATED_OBJC_IMPLEMENTATIONS = YES;
				CLANG_WARN_DIRECT_OBJC_ISA_USAGE = YES_ERROR;
				CLANG_WARN_DOCUMENTATION_COMMENTS = YES;
				CLANG_WARN_EMPTY_BODY = YES;
				CLANG_WARN_ENUM_CONVERSION = YES;
				CLANG_WARN_INFINITE_RECURSION = YES;
				CLANG_WARN_INT_CONVERSION = YES;
				CLANG_WARN_NON_LITERAL_NULL_CONVERSION = YES;
				CLANG_WARN_OBJC_IMPLICIT_RETAIN_SELF = YES;
				CLANG_WARN_OBJC_LITERAL_CONVERSION = YES;
				CLANG_WARN_OBJC_ROOT_CLASS = YES_ERROR;
				CLANG_WARN_QUOTED_INCLUDE_IN_FRAMEWORK_HEADER = YES;
				CLANG_WARN_RANGE_LOOP_ANALYSIS = YES;
				CLANG_WARN_STRICT_PROTOTYPES = YES;
				CLANG_WARN_SUSPICIOUS_MOVE = YES;
				CLANG_WARN_UNGUARDED_AVAILABILITY = YES_AGGRESSIVE;
				CLANG_WARN_UNREACHABLE_CODE = YES;
				CLANG_WARN__DUPLICATE_METHOD_MATCH = YES;
				COPY_PHASE_STRIP = NO;
				DEBUG_INFORMATION_FORMAT = dwarf;
				ENABLE_STRICT_OBJC_MSGSEND = YES;
				ENABLE_TESTABILITY = YES;
				ENABLE_USER_SCRIPT_SANDBOXING = YES;
				GCC_C_LANGUAGE_STANDARD = gnu17;
				GCC_DYNAMIC_NO_PIC = NO;
				GCC_NO_COMMON_BLOCKS = YES;
				GCC_OPTIMIZATION_LEVEL = 0;
				GCC_PREPROCESSOR_DEFINITIONS = (
					"DEBUG=1",
					"$(inherited)",
				);
				GCC_WARN_64_TO_32_BIT_CONVERSION = YES;
				GCC_WARN_ABOUT_RETURN_TYPE = YES_ERROR;
				GCC_WARN_UNDECLARED_SELECTOR = YES;
				GCC_WARN_UNINITIALIZED_AUTOS = YES_AGGRESSIVE;
				GCC_WARN_UNUSED_FUNCTION = YES;
				GCC_WARN_UNUSED_VARIABLE = YES;
				IPHONEOS_DEPLOYMENT_TARGET = 17.0;
				LOCALIZATION_PREFERS_STRING_CATALOGS = YES;
				MTL_ENABLE_DEBUG_INFO = INCLUDE_SOURCE;
				MTL_FAST_MATH = YES;
				ONLY_ACTIVE_ARCH = YES;
				SDKROOT = iphoneos;
				SWIFT_ACTIVE_COMPILATION_CONDITIONS = "DEBUG $(inherited)";
				SWIFT_OPTIMIZATION_LEVEL = "-Onone";
			};
			name = Debug;
		};
		B0DCA0FC2B33DD16008906A7 /* Release */ = {
			isa = XCBuildConfiguration;
			buildSettings = {
				ALWAYS_SEARCH_USER_PATHS = NO;
				ASSETCATALOG_COMPILER_GENERATE_SWIFT_ASSET_SYMBOL_EXTENSIONS = YES;
				CLANG_ANALYZER_NONNULL = YES;
				CLANG_ANALYZER_NUMBER_OBJECT_CONVERSION = YES_AGGRESSIVE;
				CLANG_CXX_LANGUAGE_STANDARD = "gnu++20";
				CLANG_ENABLE_MODULES = YES;
				CLANG_ENABLE_OBJC_ARC = YES;
				CLANG_ENABLE_OBJC_WEAK = YES;
				CLANG_WARN_BLOCK_CAPTURE_AUTORELEASING = YES;
				CLANG_WARN_BOOL_CONVERSION = YES;
				CLANG_WARN_COMMA = YES;
				CLANG_WARN_CONSTANT_CONVERSION = YES;
				CLANG_WARN_DEPRECATED_OBJC_IMPLEMENTATIONS = YES;
				CLANG_WARN_DIRECT_OBJC_ISA_USAGE = YES_ERROR;
				CLANG_WARN_DOCUMENTATION_COMMENTS = YES;
				CLANG_WARN_EMPTY_BODY = YES;
				CLANG_WARN_ENUM_CONVERSION = YES;
				CLANG_WARN_INFINITE_RECURSION = YES;
				CLANG_WARN_INT_CONVERSION = YES;
				CLANG_WARN_NON_LITERAL_NULL_CONVERSION = YES;
				CLANG_WARN_OBJC_IMPLICIT_RETAIN_SELF = YES;
				CLANG_WARN_OBJC_LITERAL_CONVERSION = YES;
				CLANG_WARN_OBJC_ROOT_CLASS = YES_ERROR;
				CLANG_WARN_QUOTED_INCLUDE_IN_FRAMEWORK_HEADER = YES;
				CLANG_WARN_RANGE_LOOP_ANALYSIS = YES;
				CLANG_WARN_STRICT_PROTOTYPES = YES;
				CLANG_WARN_SUSPICIOUS_MOVE = YES;
				CLANG_WARN_UNGUARDED_AVAILABILITY = YES_AGGRESSIVE;
				CLANG_WARN_UNREACHABLE_CODE = YES;
				CLANG_WARN__DUPLICATE_METHOD_MATCH = YES;
				COPY_PHASE_STRIP = NO;
				DEBUG_INFORMATION_FORMAT = "dwarf-with-dsym";
				ENABLE_NS_ASSERTIONS = NO;
				ENABLE_STRICT_OBJC_MSGSEND = YES;
				ENABLE_USER_SCRIPT_SANDBOXING = YES;
				GCC_C_LANGUAGE_STANDARD = gnu17;
				GCC_NO_COMMON_BLOCKS = YES;
				GCC_WARN_64_TO_32_BIT_CONVERSION = YES;
				GCC_WARN_ABOUT_RETURN_TYPE = YES_ERROR;
				GCC_WARN_UNDECLARED_SELECTOR = YES;
				GCC_WARN_UNINITIALIZED_AUTOS = YES_AGGRESSIVE;
				GCC_WARN_UNUSED_FUNCTION = YES;
				GCC_WARN_UNUSED_VARIABLE = YES;
				IPHONEOS_DEPLOYMENT_TARGET = 17.0;
				LOCALIZATION_PREFERS_STRING_CATALOGS = YES;
				MTL_ENABLE_DEBUG_INFO = NO;
				MTL_FAST_MATH = YES;
				SDKROOT = iphoneos;
				SWIFT_COMPILATION_MODE = wholemodule;
				VALIDATE_PRODUCT = YES;
			};
			name = Release;
		};
		B0DCA0FE2B33DD16008906A7 /* Debug */ = {
			isa = XCBuildConfiguration;
			buildSettings = {
				ASSETCATALOG_COMPILER_APPICON_NAME = AppIcon;
				ASSETCATALOG_COMPILER_GLOBAL_ACCENT_COLOR_NAME = AccentColor;
				CODE_SIGN_STYLE = Automatic;
				CURRENT_PROJECT_VERSION = 1;
				DEVELOPMENT_TEAM = ZA635WC7L2;
				GENERATE_INFOPLIST_FILE = YES;
				INFOPLIST_FILE = ImageFeed/Info.plist;
				INFOPLIST_KEY_UIApplicationSupportsIndirectInputEvents = YES;
				INFOPLIST_KEY_UILaunchStoryboardName = LaunchScreen;
				INFOPLIST_KEY_UIStatusBarStyle = UIStatusBarStyleLightContent;
				INFOPLIST_KEY_UISupportedInterfaceOrientations = UIInterfaceOrientationPortrait;
				INFOPLIST_KEY_UISupportedInterfaceOrientations_iPad = "";
				IPHONEOS_DEPLOYMENT_TARGET = 13.0;
				LD_RUNPATH_SEARCH_PATHS = (
					"$(inherited)",
					"@executable_path/Frameworks",
				);
				MARKETING_VERSION = 1.0;
				PRODUCT_BUNDLE_IDENTIFIER = com.gor9an.ImageFeed;
				PRODUCT_NAME = "$(TARGET_NAME)";
				SUPPORTED_PLATFORMS = "iphoneos iphonesimulator";
				SUPPORTS_MACCATALYST = NO;
				SWIFT_EMIT_LOC_STRINGS = YES;
				SWIFT_VERSION = 5.0;
				TARGETED_DEVICE_FAMILY = 1;
			};
			name = Debug;
		};
		B0DCA0FF2B33DD16008906A7 /* Release */ = {
			isa = XCBuildConfiguration;
			buildSettings = {
				ASSETCATALOG_COMPILER_APPICON_NAME = AppIcon;
				ASSETCATALOG_COMPILER_GLOBAL_ACCENT_COLOR_NAME = AccentColor;
				CODE_SIGN_STYLE = Automatic;
				CURRENT_PROJECT_VERSION = 1;
				DEVELOPMENT_TEAM = ZA635WC7L2;
				GENERATE_INFOPLIST_FILE = YES;
				INFOPLIST_FILE = ImageFeed/Info.plist;
				INFOPLIST_KEY_UIApplicationSupportsIndirectInputEvents = YES;
				INFOPLIST_KEY_UILaunchStoryboardName = LaunchScreen;
				INFOPLIST_KEY_UIStatusBarStyle = UIStatusBarStyleLightContent;
				INFOPLIST_KEY_UISupportedInterfaceOrientations = UIInterfaceOrientationPortrait;
				INFOPLIST_KEY_UISupportedInterfaceOrientations_iPad = "";
				IPHONEOS_DEPLOYMENT_TARGET = 13.0;
				LD_RUNPATH_SEARCH_PATHS = (
					"$(inherited)",
					"@executable_path/Frameworks",
				);
				MARKETING_VERSION = 1.0;
				PRODUCT_BUNDLE_IDENTIFIER = com.gor9an.ImageFeed;
				PRODUCT_NAME = "$(TARGET_NAME)";
				SUPPORTED_PLATFORMS = "iphoneos iphonesimulator";
				SUPPORTS_MACCATALYST = NO;
				SWIFT_EMIT_LOC_STRINGS = YES;
				SWIFT_VERSION = 5.0;
				TARGETED_DEVICE_FAMILY = 1;
			};
			name = Release;
		};
/* End XCBuildConfiguration section */

/* Begin XCConfigurationList section */
		B01FACA42BC5710200ECBA0B /* Build configuration list for PBXNativeTarget "ImageFeedTests" */ = {
			isa = XCConfigurationList;
			buildConfigurations = (
				B01FACA22BC5710200ECBA0B /* Debug */,
				B01FACA32BC5710200ECBA0B /* Release */,
			);
			defaultConfigurationIsVisible = 0;
			defaultConfigurationName = Release;
		};
		B0DCA0E42B33DD13008906A7 /* Build configuration list for PBXProject "ImageFeed" */ = {
			isa = XCConfigurationList;
			buildConfigurations = (
				B0DCA0FB2B33DD16008906A7 /* Debug */,
				B0DCA0FC2B33DD16008906A7 /* Release */,
			);
			defaultConfigurationIsVisible = 0;
			defaultConfigurationName = Release;
		};
		B0DCA0FD2B33DD16008906A7 /* Build configuration list for PBXNativeTarget "ImageFeed" */ = {
			isa = XCConfigurationList;
			buildConfigurations = (
				B0DCA0FE2B33DD16008906A7 /* Debug */,
				B0DCA0FF2B33DD16008906A7 /* Release */,
			);
			defaultConfigurationIsVisible = 0;
			defaultConfigurationName = Release;
		};
/* End XCConfigurationList section */

/* Begin XCRemoteSwiftPackageReference section */
		B0912B272BACF1C800CB1121 /* XCRemoteSwiftPackageReference "SwiftKeychainWrapper" */ = {
			isa = XCRemoteSwiftPackageReference;
			repositoryURL = "https://github.com/jrendel/SwiftKeychainWrapper";
			requirement = {
				kind = upToNextMajorVersion;
				minimumVersion = 4.0.1;
			};
		};
		B09BF6D52BA873A4007F30B7 /* XCRemoteSwiftPackageReference "Kingfisher" */ = {
			isa = XCRemoteSwiftPackageReference;
			repositoryURL = "https://github.com/onevcat/Kingfisher";
			requirement = {
				kind = upToNextMajorVersion;
				minimumVersion = 7.11.0;
			};
		};
		B0ED98E42B97C60900093407 /* XCRemoteSwiftPackageReference "ProgressHUD" */ = {
			isa = XCRemoteSwiftPackageReference;
			repositoryURL = "https://github.com/relatedcode/ProgressHUD";
			requirement = {
				kind = exactVersion;
				version = 14.1.1;
			};
		};
/* End XCRemoteSwiftPackageReference section */

/* Begin XCSwiftPackageProductDependency section */
		B0912B282BACF1C800CB1121 /* SwiftKeychainWrapper */ = {
			isa = XCSwiftPackageProductDependency;
			package = B0912B272BACF1C800CB1121 /* XCRemoteSwiftPackageReference "SwiftKeychainWrapper" */;
			productName = SwiftKeychainWrapper;
		};
		B09BF6D62BA873A4007F30B7 /* Kingfisher */ = {
			isa = XCSwiftPackageProductDependency;
			package = B09BF6D52BA873A4007F30B7 /* XCRemoteSwiftPackageReference "Kingfisher" */;
			productName = Kingfisher;
		};
		B0ED98E52B97C60900093407 /* ProgressHUD */ = {
			isa = XCSwiftPackageProductDependency;
			package = B0ED98E42B97C60900093407 /* XCRemoteSwiftPackageReference "ProgressHUD" */;
			productName = ProgressHUD;
		};
/* End XCSwiftPackageProductDependency section */
	};
	rootObject = B0DCA0E12B33DD13008906A7 /* Project object */;
}
